
Microsoft Visual Studio Solution File, Format Version 12.00
Project("{FAE04EC0-301F-11D3-BF4B-00C04F79EFBC}") = "ControlWork", "ControlWork\ControlWork.csproj", "{D7D9CD1D-BE82-4F08-8675-5AA398236D13}"
EndProject
Global
	GlobalSection(SolutionConfigurationPlatforms) = preSolution
		Debug|Any CPU = Debug|Any CPU
		Release|Any CPU = Release|Any CPU
	EndGlobalSection
	GlobalSection(ProjectConfigurationPlatforms) = postSolution
		{D7D9CD1D-BE82-4F08-8675-5AA398236D13}.Debug|Any CPU.ActiveCfg = Debug|Any CPU
		{D7D9CD1D-BE82-4F08-8675-5AA398236D13}.Debug|Any CPU.Build.0 = Debug|Any CPU
		{D7D9CD1D-BE82-4F08-8675-5AA398236D13}.Release|Any CPU.ActiveCfg = Release|Any CPU
		{D7D9CD1D-BE82-4F08-8675-5AA398236D13}.Release|Any CPU.Build.0 = Release|Any CPU
	EndGlobalSection
EndGlobal
